
Microsoft Visual Studio Solution File, Format Version 12.00
# Visual Studio 15
VisualStudioVersion = 15.0.27004.2005
MinimumVisualStudioVersion = 10.0.40219.1
Project("{00D1A9C2-B5F0-4AF3-8072-F6C62B433612}") = "SqlSP", "SqlSP\SqlSP.sqlproj", "{069B43FC-1090-4CE0-97A0-57FF5403CE3B}"
EndProject
Global
	GlobalSection(SolutionConfigurationPlatforms) = preSolution
		Debug|Any CPU = Debug|Any CPU
		Release|Any CPU = Release|Any CPU
	EndGlobalSection
	GlobalSection(ProjectConfigurationPlatforms) = postSolution
		{069B43FC-1090-4CE0-97A0-57FF5403CE3B}.Debug|Any CPU.ActiveCfg = Debug|Any CPU
		{069B43FC-1090-4CE0-97A0-57FF5403CE3B}.Debug|Any CPU.Build.0 = Debug|Any CPU
		{069B43FC-1090-4CE0-97A0-57FF5403CE3B}.Debug|Any CPU.Deploy.0 = Debug|Any CPU
		{069B43FC-1090-4CE0-97A0-57FF5403CE3B}.Release|Any CPU.ActiveCfg = Release|Any CPU
		{069B43FC-1090-4CE0-97A0-57FF5403CE3B}.Release|Any CPU.Build.0 = Release|Any CPU
		{069B43FC-1090-4CE0-97A0-57FF5403CE3B}.Release|Any CPU.Deploy.0 = Release|Any CPU
	EndGlobalSection
	GlobalSection(SolutionProperties) = preSolution
		HideSolutionNode = FALSE
	EndGlobalSection
	GlobalSection(ExtensibilityGlobals) = postSolution
		SolutionGuid = {77551D08-91E9-45A0-8D7F-401B6380EDD4}
	EndGlobalSection
EndGlobal
